
Microsoft Visual Studio Solution File, Format Version 12.00
# Visual Studio Version 16
VisualStudioVersion = 16.0.30114.105
MinimumVisualStudioVersion = 10.0.40219.1
Project("{2150E333-8FDC-42A3-9474-1A3956D46DE8}") = "src", "src", "{63EA652E-E8B8-4FB8-9179-7DF0E7D8E696}"
EndProject
Project("{2150E333-8FDC-42A3-9474-1A3956D46DE8}") = "core", "core", "{ABD31537-C400-4D52-823B-2A1E47338BDF}"
EndProject
Project("{FAE04EC0-301F-11D3-BF4B-00C04F79EFBC}") = "Travel.Domain", "src\core\Travel.Domain\Travel.Domain.csproj", "{A1A28C4E-D158-4A74-AF1C-E9529705F4A3}"
EndProject
Project("{FAE04EC0-301F-11D3-BF4B-00C04F79EFBC}") = "Travel.Application", "src\core\Travel.Application\Travel.Application.csproj", "{C53DB2C0-167E-4EA0-B820-EA05AA244E48}"
EndProject
Project("{2150E333-8FDC-42A3-9474-1A3956D46DE8}") = "infrastructure", "infrastructure", "{70FF1296-9115-47A6-A4C8-3ED436AF7110}"
EndProject
Project("{FAE04EC0-301F-11D3-BF4B-00C04F79EFBC}") = "Travel.Data", "src\infrastructure\Travel.Data\Travel.Data.csproj", "{539F9C9D-2C45-40D3-B549-259A72946D6B}"
EndProject
Project("{FAE04EC0-301F-11D3-BF4B-00C04F79EFBC}") = "Travel.Shared", "src\infrastructure\Travel.Shared\Travel.Shared.csproj", "{610B69C9-AE85-4E5F-BDA5-D62D0EF3565B}"
EndProject
Project("{2150E333-8FDC-42A3-9474-1A3956D46DE8}") = "presentation", "presentation", "{32343D22-A034-4F64-9FAC-4F569EFA4695}"
EndProject
Project("{FAE04EC0-301F-11D3-BF4B-00C04F79EFBC}") = "Travel.WebApi", "src\presentation\Travel.WebApi\Travel.WebApi.csproj", "{367F8734-3024-4932-BBD4-DABB6F404B9B}"
EndProject
Global
	GlobalSection(SolutionConfigurationPlatforms) = preSolution
		Debug|Any CPU = Debug|Any CPU
		Debug|x64 = Debug|x64
		Debug|x86 = Debug|x86
		Release|Any CPU = Release|Any CPU
		Release|x64 = Release|x64
		Release|x86 = Release|x86
	EndGlobalSection
	GlobalSection(SolutionProperties) = preSolution
		HideSolutionNode = FALSE
	EndGlobalSection
	GlobalSection(ProjectConfigurationPlatforms) = postSolution
		{A1A28C4E-D158-4A74-AF1C-E9529705F4A3}.Debug|Any CPU.ActiveCfg = Debug|Any CPU
		{A1A28C4E-D158-4A74-AF1C-E9529705F4A3}.Debug|Any CPU.Build.0 = Debug|Any CPU
		{A1A28C4E-D158-4A74-AF1C-E9529705F4A3}.Debug|x64.ActiveCfg = Debug|Any CPU
		{A1A28C4E-D158-4A74-AF1C-E9529705F4A3}.Debug|x64.Build.0 = Debug|Any CPU
		{A1A28C4E-D158-4A74-AF1C-E9529705F4A3}.Debug|x86.ActiveCfg = Debug|Any CPU
		{A1A28C4E-D158-4A74-AF1C-E9529705F4A3}.Debug|x86.Build.0 = Debug|Any CPU
		{A1A28C4E-D158-4A74-AF1C-E9529705F4A3}.Release|Any CPU.ActiveCfg = Release|Any CPU
		{A1A28C4E-D158-4A74-AF1C-E9529705F4A3}.Release|Any CPU.Build.0 = Release|Any CPU
		{A1A28C4E-D158-4A74-AF1C-E9529705F4A3}.Release|x64.ActiveCfg = Release|Any CPU
		{A1A28C4E-D158-4A74-AF1C-E9529705F4A3}.Release|x64.Build.0 = Release|Any CPU
		{A1A28C4E-D158-4A74-AF1C-E9529705F4A3}.Release|x86.ActiveCfg = Release|Any CPU
		{A1A28C4E-D158-4A74-AF1C-E9529705F4A3}.Release|x86.Build.0 = Release|Any CPU
		{C53DB2C0-167E-4EA0-B820-EA05AA244E48}.Debug|Any CPU.ActiveCfg = Debug|Any CPU
		{C53DB2C0-167E-4EA0-B820-EA05AA244E48}.Debug|Any CPU.Build.0 = Debug|Any CPU
		{C53DB2C0-167E-4EA0-B820-EA05AA244E48}.Debug|x64.ActiveCfg = Debug|Any CPU
		{C53DB2C0-167E-4EA0-B820-EA05AA244E48}.Debug|x64.Build.0 = Debug|Any CPU
		{C53DB2C0-167E-4EA0-B820-EA05AA244E48}.Debug|x86.ActiveCfg = Debug|Any CPU
		{C53DB2C0-167E-4EA0-B820-EA05AA244E48}.Debug|x86.Build.0 = Debug|Any CPU
		{C53DB2C0-167E-4EA0-B820-EA05AA244E48}.Release|Any CPU.ActiveCfg = Release|Any CPU
		{C53DB2C0-167E-4EA0-B820-EA05AA244E48}.Release|Any CPU.Build.0 = Release|Any CPU
		{C53DB2C0-167E-4EA0-B820-EA05AA244E48}.Release|x64.ActiveCfg = Release|Any CPU
		{C53DB2C0-167E-4EA0-B820-EA05AA244E48}.Release|x64.Build.0 = Release|Any CPU
		{C53DB2C0-167E-4EA0-B820-EA05AA244E48}.Release|x86.ActiveCfg = Release|Any CPU
		{C53DB2C0-167E-4EA0-B820-EA05AA244E48}.Release|x86.Build.0 = Release|Any CPU
		{539F9C9D-2C45-40D3-B549-259A72946D6B}.Debug|Any CPU.ActiveCfg = Debug|Any CPU
		{539F9C9D-2C45-40D3-B549-259A72946D6B}.Debug|Any CPU.Build.0 = Debug|Any CPU
		{539F9C9D-2C45-40D3-B549-259A72946D6B}.Debug|x64.ActiveCfg = Debug|Any CPU
		{539F9C9D-2C45-40D3-B549-259A72946D6B}.Debug|x64.Build.0 = Debug|Any CPU
		{539F9C9D-2C45-40D3-B549-259A72946D6B}.Debug|x86.ActiveCfg = Debug|Any CPU
		{539F9C9D-2C45-40D3-B549-259A72946D6B}.Debug|x86.Build.0 = Debug|Any CPU
		{539F9C9D-2C45-40D3-B549-259A72946D6B}.Release|Any CPU.ActiveCfg = Release|Any CPU
		{539F9C9D-2C45-40D3-B549-259A72946D6B}.Release|Any CPU.Build.0 = Release|Any CPU
		{539F9C9D-2C45-40D3-B549-259A72946D6B}.Release|x64.ActiveCfg = Release|Any CPU
		{539F9C9D-2C45-40D3-B549-259A72946D6B}.Release|x64.Build.0 = Release|Any CPU
		{539F9C9D-2C45-40D3-B549-259A72946D6B}.Release|x86.ActiveCfg = Release|Any CPU
		{539F9C9D-2C45-40D3-B549-259A72946D6B}.Release|x86.Build.0 = Release|Any CPU
		{610B69C9-AE85-4E5F-BDA5-D62D0EF3565B}.Debug|Any CPU.ActiveCfg = Debug|Any CPU
		{610B69C9-AE85-4E5F-BDA5-D62D0EF3565B}.Debug|Any CPU.Build.0 = Debug|Any CPU
		{610B69C9-AE85-4E5F-BDA5-D62D0EF3565B}.Debug|x64.ActiveCfg = Debug|Any CPU
		{610B69C9-AE85-4E5F-BDA5-D62D0EF3565B}.Debug|x64.Build.0 = Debug|Any CPU
		{610B69C9-AE85-4E5F-BDA5-D62D0EF3565B}.Debug|x86.ActiveCfg = Debug|Any CPU
		{610B69C9-AE85-4E5F-BDA5-D62D0EF3565B}.Debug|x86.Build.0 = Debug|Any CPU
		{610B69C9-AE85-4E5F-BDA5-D62D0EF3565B}.Release|Any CPU.ActiveCfg = Release|Any CPU
		{610B69C9-AE85-4E5F-BDA5-D62D0EF3565B}.Release|Any CPU.Build.0 = Release|Any CPU
		{610B69C9-AE85-4E5F-BDA5-D62D0EF3565B}.Release|x64.ActiveCfg = Release|Any CPU
		{610B69C9-AE85-4E5F-BDA5-D62D0EF3565B}.Release|x64.Build.0 = Release|Any CPU
		{610B69C9-AE85-4E5F-BDA5-D62D0EF3565B}.Release|x86.ActiveCfg = Release|Any CPU
		{610B69C9-AE85-4E5F-BDA5-D62D0EF3565B}.Release|x86.Build.0 = Release|Any CPU
		{367F8734-3024-4932-BBD4-DABB6F404B9B}.Debug|Any CPU.ActiveCfg = Debug|Any CPU
		{367F8734-3024-4932-BBD4-DABB6F404B9B}.Debug|Any CPU.Build.0 = Debug|Any CPU
		{367F8734-3024-4932-BBD4-DABB6F404B9B}.Debug|x64.ActiveCfg = Debug|Any CPU
		{367F8734-3024-4932-BBD4-DABB6F404B9B}.Debug|x64.Build.0 = Debug|Any CPU
		{367F8734-3024-4932-BBD4-DABB6F404B9B}.Debug|x86.ActiveCfg = Debug|Any CPU
		{367F8734-3024-4932-BBD4-DABB6F404B9B}.Debug|x86.Build.0 = Debug|Any CPU
		{367F8734-3024-4932-BBD4-DABB6F404B9B}.Release|Any CPU.ActiveCfg = Release|Any CPU
		{367F8734-3024-4932-BBD4-DABB6F404B9B}.Release|Any CPU.Build.0 = Release|Any CPU
		{367F8734-3024-4932-BBD4-DABB6F404B9B}.Release|x64.ActiveCfg = Release|Any CPU
		{367F8734-3024-4932-BBD4-DABB6F404B9B}.Release|x64.Build.0 = Release|Any CPU
		{367F8734-3024-4932-BBD4-DABB6F404B9B}.Release|x86.ActiveCfg = Release|Any CPU
		{367F8734-3024-4932-BBD4-DABB6F404B9B}.Release|x86.Build.0 = Release|Any CPU
	EndGlobalSection
	GlobalSection(NestedProjects) = preSolution
		{ABD31537-C400-4D52-823B-2A1E47338BDF} = {63EA652E-E8B8-4FB8-9179-7DF0E7D8E696}
		{A1A28C4E-D158-4A74-AF1C-E9529705F4A3} = {ABD31537-C400-4D52-823B-2A1E47338BDF}
		{C53DB2C0-167E-4EA0-B820-EA05AA244E48} = {ABD31537-C400-4D52-823B-2A1E47338BDF}
		{70FF1296-9115-47A6-A4C8-3ED436AF7110} = {63EA652E-E8B8-4FB8-9179-7DF0E7D8E696}
		{539F9C9D-2C45-40D3-B549-259A72946D6B} = {70FF1296-9115-47A6-A4C8-3ED436AF7110}
		{610B69C9-AE85-4E5F-BDA5-D62D0EF3565B} = {70FF1296-9115-47A6-A4C8-3ED436AF7110}
		{32343D22-A034-4F64-9FAC-4F569EFA4695} = {63EA652E-E8B8-4FB8-9179-7DF0E7D8E696}
		{367F8734-3024-4932-BBD4-DABB6F404B9B} = {32343D22-A034-4F64-9FAC-4F569EFA4695}
	EndGlobalSection
EndGlobal
